
Microsoft Visual Studio Solution File, Format Version 12.00
# Visual Studio Version 17
VisualStudioVersion = 17.3.32804.467
MinimumVisualStudioVersion = 10.0.40219.1
Project("{FAE04EC0-301F-11D3-BF4B-00C04F79EFBC}") = "Project-Vpd", "Project-Vpd\Project-Vpd.csproj", "{061FA0F2-EBB8-4080-9DB4-A215B960AB51}"
EndProject
Global
	GlobalSection(SolutionConfigurationPlatforms) = preSolution
		Debug|Any CPU = Debug|Any CPU
		Release|Any CPU = Release|Any CPU
	EndGlobalSection
	GlobalSection(ProjectConfigurationPlatforms) = postSolution
		{061FA0F2-EBB8-4080-9DB4-A215B960AB51}.Debug|Any CPU.ActiveCfg = Debug|Any CPU
		{061FA0F2-EBB8-4080-9DB4-A215B960AB51}.Debug|Any CPU.Build.0 = Debug|Any CPU
		{061FA0F2-EBB8-4080-9DB4-A215B960AB51}.Release|Any CPU.ActiveCfg = Release|Any CPU
		{061FA0F2-EBB8-4080-9DB4-A215B960AB51}.Release|Any CPU.Build.0 = Release|Any CPU
	EndGlobalSection
	GlobalSection(SolutionProperties) = preSolution
		HideSolutionNode = FALSE
	EndGlobalSection
	GlobalSection(ExtensibilityGlobals) = postSolution
		SolutionGuid = {77B77F7D-8A9F-4EBE-80C7-D89EBF647CBC}
	EndGlobalSection
EndGlobal
